
Microsoft Visual Studio Solution File, Format Version 11.00
# Visual Studio 2010
Project("{F184B08F-C81C-45F6-A57F-5ABD9991F28F}") = "EmailAddressValidatorApplication", "EmailAddressValidatorApplication\EmailAddressValidatorApplication.vbproj", "{14B0F12C-F335-4FEF-AE10-7CD4B3499CE8}"
EndProject
Global
	GlobalSection(TeamFoundationVersionControl) = preSolution
		SccNumberOfProjects = 2
		SccEnterpriseProvider = {4CA58AB2-18FA-4F8D-95D4-32DDF27D184C}
		SccTeamFoundationServer = https://tfs.codeplex.com/tfs/tfs24
		SccLocalPath0 = .
		SccProjectUniqueName1 = EmailAddressValidatorApplication\\EmailAddressValidatorApplication.vbproj
		SccProjectName1 = EmailAddressValidatorApplication
		SccLocalPath1 = EmailAddressValidatorApplication
	EndGlobalSection
	GlobalSection(SolutionConfigurationPlatforms) = preSolution
		Debug|x86 = Debug|x86
		Release|x86 = Release|x86
	EndGlobalSection
	GlobalSection(ProjectConfigurationPlatforms) = postSolution
		{14B0F12C-F335-4FEF-AE10-7CD4B3499CE8}.Debug|x86.ActiveCfg = Debug|x86
		{14B0F12C-F335-4FEF-AE10-7CD4B3499CE8}.Debug|x86.Build.0 = Debug|x86
		{14B0F12C-F335-4FEF-AE10-7CD4B3499CE8}.Release|x86.ActiveCfg = Release|x86
		{14B0F12C-F335-4FEF-AE10-7CD4B3499CE8}.Release|x86.Build.0 = Release|x86
	EndGlobalSection
	GlobalSection(SolutionProperties) = preSolution
		HideSolutionNode = FALSE
	EndGlobalSection
EndGlobal
